{
  "name": "LS-manager",
  "lockfileVersion": 2,
  "requires": true,
  "packages": {
    "": {
      "devDependencies": {
        "bash-language-server": "^4.7.0",
        "pyright": "^1.1.296",
        "typescript-language-server": "^3.3.0",
        "vim-language-server": "^2.3.0",
        "vscode-langservers-extracted": "^4.6.0"
      }
    },
    "node_modules/@nodelib/fs.scandir": {
      "version": "2.1.5",
      "resolved": "https://registry.npmjs.org/@nodelib/fs.scandir/-/fs.scandir-2.1.5.tgz",
      "integrity": "sha512-vq24Bq3ym5HEQm2NKCr3yXDwjc7vTsEThRDnkp2DK9p1uqLR+DHurm/NOTo0KG7HYHU7eppKZj3MyqYuMBf62g==",
      "dev": true,
      "dependencies": {
        "@nodelib/fs.stat": "2.0.5",
        "run-parallel": "^1.1.9"
      },
      "engines": {
        "node": ">= 8"
      }
    },
    "node_modules/@nodelib/fs.stat": {
      "version": "2.0.5",
      "resolved": "https://registry.npmjs.org/@nodelib/fs.stat/-/fs.stat-2.0.5.tgz",
      "integrity": "sha512-RkhPPp2zrqDAQA/2jNhnztcPAlv64XdhIp7a7454A5ovI7Bukxgt7MX7udwAu3zg1DcpPU0rz3VV1SeaqvY4+A==",
      "dev": true,
      "engines": {
        "node": ">= 8"
      }
    },
    "node_modules/@nodelib/fs.walk": {
      "version": "1.2.8",
      "resolved": "https://registry.npmjs.org/@nodelib/fs.walk/-/fs.walk-1.2.8.tgz",
      "integrity": "sha512-oGB+UxlgWcgQkgwo8GcEGwemoTFt3FIO9ababBmaGwXIoBKZ+GTy0pP185beGg7Llih/NSHSV2XAs1lnznocSg==",
      "dev": true,
      "dependencies": {
        "@nodelib/fs.scandir": "2.1.5",
        "fastq": "^1.6.0"
      },
      "engines": {
        "node": ">= 8"
      }
    },
    "node_modules/@vscode/l10n": {
      "version": "0.0.11",
      "resolved": "https://registry.npmjs.org/@vscode/l10n/-/l10n-0.0.11.tgz",
      "integrity": "sha512-ukOMWnCg1tCvT7WnDfsUKQOFDQGsyR5tNgRpwmqi+5/vzU3ghdDXzvIM4IOPdSb3OeSsBNvmSL8nxIVOqi2WXA==",
      "dev": true
    },
    "node_modules/bash-language-server": {
      "version": "4.7.0",
      "resolved": "https://registry.npmjs.org/bash-language-server/-/bash-language-server-4.7.0.tgz",
      "integrity": "sha512-JLe8bk0/FtOiGIdFWg/2JoAGJctYQyrYpmj24dhCSEAjIq9HHqr9I6L9k32fh9WkWjHcrh6v70Epiv6m+SxvDQ==",
      "dev": true,
      "dependencies": {
        "fast-glob": "3.2.12",
        "fuzzy-search": "3.2.1",
        "node-fetch": "2.6.9",
        "turndown": "7.1.1",
        "vscode-languageserver": "8.0.2",
        "vscode-languageserver-textdocument": "1.0.8",
        "web-tree-sitter": "0.20.7",
        "zod": "3.20.5"
      },
      "bin": {
        "bash-language-server": "out/cli.js"
      },
      "engines": {
        "node": ">=14.18.0"
      }
    },
    "node_modules/braces": {
      "version": "3.0.2",
      "resolved": "https://registry.npmjs.org/braces/-/braces-3.0.2.tgz",
      "integrity": "sha512-b8um+L1RzM3WDSzvhm6gIz1yfTbBt6YTlcEKAvsmqCZZFw46z626lVj9j1yEPW33H5H+lBQpZMP1k8l+78Ha0A==",
      "dev": true,
      "dependencies": {
        "fill-range": "^7.0.1"
      },
      "engines": {
        "node": ">=8"
      }
    },
    "node_modules/core-js": {
      "version": "3.29.0",
      "resolved": "https://registry.npmjs.org/core-js/-/core-js-3.29.0.tgz",
      "integrity": "sha512-VG23vuEisJNkGl6XQmFJd3rEG/so/CNatqeE+7uZAwTSwFeB/qaO0be8xZYUNWprJ/GIwL8aMt9cj1kvbpTZhg==",
      "dev": true,
      "hasInstallScript": true,
      "funding": {
        "type": "opencollective",
        "url": "https://opencollective.com/core-js"
      }
    },
    "node_modules/domino": {
      "version": "2.1.6",
      "resolved": "https://registry.npmjs.org/domino/-/domino-2.1.6.tgz",
      "integrity": "sha512-3VdM/SXBZX2omc9JF9nOPCtDaYQ67BGp5CoLpIQlO2KCAPETs8TcDHacF26jXadGbvUteZzRTeos2fhID5+ucQ==",
      "dev": true
    },
    "node_modules/fast-glob": {
      "version": "3.2.12",
      "resolved": "https://registry.npmjs.org/fast-glob/-/fast-glob-3.2.12.tgz",
      "integrity": "sha512-DVj4CQIYYow0BlaelwK1pHl5n5cRSJfM60UA0zK891sVInoPri2Ekj7+e1CT3/3qxXenpI+nBBmQAcJPJgaj4w==",
      "dev": true,
      "dependencies": {
        "@nodelib/fs.stat": "^2.0.2",
        "@nodelib/fs.walk": "^1.2.3",
        "glob-parent": "^5.1.2",
        "merge2": "^1.3.0",
        "micromatch": "^4.0.4"
      },
      "engines": {
        "node": ">=8.6.0"
      }
    },
    "node_modules/fastq": {
      "version": "1.15.0",
      "resolved": "https://registry.npmjs.org/fastq/-/fastq-1.15.0.tgz",
      "integrity": "sha512-wBrocU2LCXXa+lWBt8RoIRD89Fi8OdABODa/kEnyeyjS5aZO5/GNvI5sEINADqP/h8M29UHTHUb53sUu5Ihqdw==",
      "dev": true,
      "dependencies": {
        "reusify": "^1.0.4"
      }
    },
    "node_modules/fill-range": {
      "version": "7.0.1",
      "resolved": "https://registry.npmjs.org/fill-range/-/fill-range-7.0.1.tgz",
      "integrity": "sha512-qOo9F+dMUmC2Lcb4BbVvnKJxTPjCm+RRpe4gDuGrzkL7mEVl/djYSu2OdQ2Pa302N4oqkSg9ir6jaLWJ2USVpQ==",
      "dev": true,
      "dependencies": {
        "to-regex-range": "^5.0.1"
      },
      "engines": {
        "node": ">=8"
      }
    },
    "node_modules/fuzzy-search": {
      "version": "3.2.1",
      "resolved": "https://registry.npmjs.org/fuzzy-search/-/fuzzy-search-3.2.1.tgz",
      "integrity": "sha512-vAcPiyomt1ioKAsAL2uxSABHJ4Ju/e4UeDM+g1OlR0vV4YhLGMNsdLNvZTpEDY4JCSt0E4hASCNM5t2ETtsbyg==",
      "dev": true
    },
    "node_modules/glob-parent": {
      "version": "5.1.2",
      "resolved": "https://registry.npmjs.org/glob-parent/-/glob-parent-5.1.2.tgz",
      "integrity": "sha512-AOIgSQCepiJYwP3ARnGx+5VnTu2HBYdzbGP45eLw1vr3zB3vZLeyed1sC9hnbcOc9/SrMyM5RPQrkGz4aS9Zow==",
      "dev": true,
      "dependencies": {
        "is-glob": "^4.0.1"
      },
      "engines": {
        "node": ">= 6"
      }
    },
    "node_modules/is-extglob": {
      "version": "2.1.1",
      "resolved": "https://registry.npmjs.org/is-extglob/-/is-extglob-2.1.1.tgz",
      "integrity": "sha512-SbKbANkN603Vi4jEZv49LeVJMn4yGwsbzZworEoyEiutsN3nJYdbO36zfhGJ6QEDpOZIFkDtnq5JRxmvl3jsoQ==",
      "dev": true,
      "engines": {
        "node": ">=0.10.0"
      }
    },
    "node_modules/is-glob": {
      "version": "4.0.3",
      "resolved": "https://registry.npmjs.org/is-glob/-/is-glob-4.0.3.tgz",
      "integrity": "sha512-xelSayHH36ZgE7ZWhli7pW34hNbNl8Ojv5KVmkJD4hBdD3th8Tfk9vYasLM+mXWOZhFkgZfxhLSnrwRr4elSSg==",
      "dev": true,
      "dependencies": {
        "is-extglob": "^2.1.1"
      },
      "engines": {
        "node": ">=0.10.0"
      }
    },
    "node_modules/is-number": {
      "version": "7.0.0",
      "resolved": "https://registry.npmjs.org/is-number/-/is-number-7.0.0.tgz",
      "integrity": "sha512-41Cifkg6e8TylSpdtTpeLVMqvSBEVzTttHvERD741+pnZ8ANv0004MRL43QKPDlK9cGvNp6NZWZUBlbGXYxxng==",
      "dev": true,
      "engines": {
        "node": ">=0.12.0"
      }
    },
    "node_modules/jsonc-parser": {
      "version": "3.2.0",
      "resolved": "https://registry.npmjs.org/jsonc-parser/-/jsonc-parser-3.2.0.tgz",
      "integrity": "sha512-gfFQZrcTc8CnKXp6Y4/CBT3fTc0OVuDofpre4aEeEpSBPV5X5v4+Vmx+8snU7RLPrNHPKSgLxGo9YuQzz20o+w==",
      "dev": true
    },
    "node_modules/merge2": {
      "version": "1.4.1",
      "resolved": "https://registry.npmjs.org/merge2/-/merge2-1.4.1.tgz",
      "integrity": "sha512-8q7VEgMJW4J8tcfVPy8g09NcQwZdbwFEqhe/WZkoIzjn/3TGDwtOCYtXGxA3O8tPzpczCCDgv+P2P5y00ZJOOg==",
      "dev": true,
      "engines": {
        "node": ">= 8"
      }
    },
    "node_modules/micromatch": {
      "version": "4.0.5",
      "resolved": "https://registry.npmjs.org/micromatch/-/micromatch-4.0.5.tgz",
      "integrity": "sha512-DMy+ERcEW2q8Z2Po+WNXuw3c5YaUSFjAO5GsJqfEl7UjvtIuFKO6ZrKvcItdy98dwFI2N1tg3zNIdKaQT+aNdA==",
      "dev": true,
      "dependencies": {
        "braces": "^3.0.2",
        "picomatch": "^2.3.1"
      },
      "engines": {
        "node": ">=8.6"
      }
    },
    "node_modules/node-fetch": {
      "version": "2.6.9",
      "resolved": "https://registry.npmjs.org/node-fetch/-/node-fetch-2.6.9.tgz",
      "integrity": "sha512-DJm/CJkZkRjKKj4Zi4BsKVZh3ValV5IR5s7LVZnW+6YMh0W1BfNA8XSs6DLMGYlId5F3KnA70uu2qepcR08Qqg==",
      "dev": true,
      "dependencies": {
        "whatwg-url": "^5.0.0"
      },
      "engines": {
        "node": "4.x || >=6.0.0"
      },
      "peerDependencies": {
        "encoding": "^0.1.0"
      },
      "peerDependenciesMeta": {
        "encoding": {
          "optional": true
        }
      }
    },
    "node_modules/picomatch": {
      "version": "2.3.1",
      "resolved": "https://registry.npmjs.org/picomatch/-/picomatch-2.3.1.tgz",
      "integrity": "sha512-JU3teHTNjmE2VCGFzuY8EXzCDVwEqB2a8fsIvwaStHhAWJEeVd1o1QD80CU6+ZdEXXSLbSsuLwJjkCBWqRQUVA==",
      "dev": true,
      "engines": {
        "node": ">=8.6"
      },
      "funding": {
        "url": "https://github.com/sponsors/jonschlinkert"
      }
    },
    "node_modules/pyright": {
      "version": "1.1.296",
      "resolved": "https://registry.npmjs.org/pyright/-/pyright-1.1.296.tgz",
      "integrity": "sha512-T04flbRRbbzp37X4fdb8FedoavLYAY2pk5x3jxadnBXYssJn0WQCVWeIFryWGDe6v+a3iOrxbMt2EawNKkNVHQ==",
      "dev": true,
      "bin": {
        "pyright": "index.js",
        "pyright-langserver": "langserver.index.js"
      },
      "engines": {
        "node": ">=12.0.0"
      }
    },
    "node_modules/queue-microtask": {
      "version": "1.2.3",
      "resolved": "https://registry.npmjs.org/queue-microtask/-/queue-microtask-1.2.3.tgz",
      "integrity": "sha512-NuaNSa6flKT5JaSYQzJok04JzTL1CA6aGhv5rfLW3PgqA+M2ChpZQnAC8h8i4ZFkBS8X5RqkDBHA7r4hej3K9A==",
      "dev": true,
      "funding": [
        {
          "type": "github",
          "url": "https://github.com/sponsors/feross"
        },
        {
          "type": "patreon",
          "url": "https://www.patreon.com/feross"
        },
        {
          "type": "consulting",
          "url": "https://feross.org/support"
        }
      ]
    },
    "node_modules/regenerator-runtime": {
      "version": "0.13.11",
      "resolved": "https://registry.npmjs.org/regenerator-runtime/-/regenerator-runtime-0.13.11.tgz",
      "integrity": "sha512-kY1AZVr2Ra+t+piVaJ4gxaFaReZVH40AKNo7UCX6W+dEwBo/2oZJzqfuN1qLq1oL45o56cPaTXELwrTh8Fpggg==",
      "dev": true
    },
    "node_modules/request-light": {
      "version": "0.7.0",
      "resolved": "https://registry.npmjs.org/request-light/-/request-light-0.7.0.tgz",
      "integrity": "sha512-lMbBMrDoxgsyO+yB3sDcrDuX85yYt7sS8BfQd11jtbW/z5ZWgLZRcEGLsLoYw7I0WSUGQBs8CC8ScIxkTX1+6Q==",
      "dev": true
    },
    "node_modules/reusify": {
      "version": "1.0.4",
      "resolved": "https://registry.npmjs.org/reusify/-/reusify-1.0.4.tgz",
      "integrity": "sha512-U9nH88a3fc/ekCF1l0/UP1IosiuIjyTh7hBvXVMHYgVcfGvt897Xguj2UOLDeI5BG2m7/uwyaLVT6fbtCwTyzw==",
      "dev": true,
      "engines": {
        "iojs": ">=1.0.0",
        "node": ">=0.10.0"
      }
    },
    "node_modules/run-parallel": {
      "version": "1.2.0",
      "resolved": "https://registry.npmjs.org/run-parallel/-/run-parallel-1.2.0.tgz",
      "integrity": "sha512-5l4VyZR86LZ/lDxZTR6jqL8AFE2S0IFLMP26AbjsLVADxHdhB/c0GUsH+y39UfCi3dzz8OlQuPmnaJOMoDHQBA==",
      "dev": true,
      "funding": [
        {
          "type": "github",
          "url": "https://github.com/sponsors/feross"
        },
        {
          "type": "patreon",
          "url": "https://www.patreon.com/feross"
        },
        {
          "type": "consulting",
          "url": "https://feross.org/support"
        }
      ],
      "dependencies": {
        "queue-microtask": "^1.2.2"
      }
    },
    "node_modules/to-regex-range": {
      "version": "5.0.1",
      "resolved": "https://registry.npmjs.org/to-regex-range/-/to-regex-range-5.0.1.tgz",
      "integrity": "sha512-65P7iz6X5yEr1cwcgvQxbbIw7Uk3gOy5dIdtZ4rDveLqhrdJP+Li/Hx6tyK0NEb+2GCyneCMJiGqrADCSNk8sQ==",
      "dev": true,
      "dependencies": {
        "is-number": "^7.0.0"
      },
      "engines": {
        "node": ">=8.0"
      }
    },
    "node_modules/tr46": {
      "version": "0.0.3",
      "resolved": "https://registry.npmjs.org/tr46/-/tr46-0.0.3.tgz",
      "integrity": "sha512-N3WMsuqV66lT30CrXNbEjx4GEwlow3v6rr4mCcv6prnfwhS01rkgyFdjPNBYd9br7LpXV1+Emh01fHnq2Gdgrw==",
      "dev": true
    },
    "node_modules/turndown": {
      "version": "7.1.1",
      "resolved": "https://registry.npmjs.org/turndown/-/turndown-7.1.1.tgz",
      "integrity": "sha512-BEkXaWH7Wh7e9bd2QumhfAXk5g34+6QUmmWx+0q6ThaVOLuLUqsnkq35HQ5SBHSaxjSfSM7US5o4lhJNH7B9MA==",
      "dev": true,
      "dependencies": {
        "domino": "^2.1.6"
      }
    },
    "node_modules/typescript": {
      "version": "4.9.5",
      "resolved": "https://registry.npmjs.org/typescript/-/typescript-4.9.5.tgz",
      "integrity": "sha512-1FXk9E2Hm+QzZQ7z+McJiHL4NW1F2EzMu9Nq9i3zAaGqibafqYwCVU6WyWAuyQRRzOlxou8xZSyXLEN8oKj24g==",
      "dev": true,
      "bin": {
        "tsc": "bin/tsc",
        "tsserver": "bin/tsserver"
      },
      "engines": {
        "node": ">=4.2.0"
      }
    },
    "node_modules/typescript-language-server": {
      "version": "3.3.0",
      "resolved": "https://registry.npmjs.org/typescript-language-server/-/typescript-language-server-3.3.0.tgz",
      "integrity": "sha512-dwHmsXWMqCFJ44XTzrmpq6yIjmprGlh3NUSc6zs1YU63ZFPEyn+K3+66misKrISJ4UfmBpugJmFUtQrik7PuvQ==",
      "dev": true,
      "bin": {
        "typescript-language-server": "lib/cli.mjs"
      },
      "engines": {
        "node": ">=14.17"
      }
    },
    "node_modules/vim-language-server": {
      "version": "2.3.0",
      "resolved": "https://registry.npmjs.org/vim-language-server/-/vim-language-server-2.3.0.tgz",
      "integrity": "sha512-8RdW7F4rQDR9FNZqgFRFFsoMdiI9YlszCCPeaU3pPkPJI4Hyx4pXCk6BGy7Fi0ACM7p4RID64dd064snCBZQrw==",
      "dev": true,
      "bin": {
        "vim-language-server": "bin/index.js"
      }
    },
    "node_modules/vscode-css-languageservice": {
      "version": "6.2.4",
      "resolved": "https://registry.npmjs.org/vscode-css-languageservice/-/vscode-css-languageservice-6.2.4.tgz",
      "integrity": "sha512-9UG0s3Ss8rbaaPZL1AkGzdjrGY8F+P+Ne9snsrvD9gxltDGhsn8C2dQpqQewHrMW37OvlqJoI8sUU2AWDb+qNw==",
      "dev": true,
      "dependencies": {
        "@vscode/l10n": "^0.0.11",
        "vscode-languageserver-textdocument": "^1.0.8",
        "vscode-languageserver-types": "^3.17.3",
        "vscode-uri": "^3.0.7"
      }
    },
    "node_modules/vscode-css-languageservice/node_modules/vscode-languageserver-types": {
      "version": "3.17.3",
      "resolved": "https://registry.npmjs.org/vscode-languageserver-types/-/vscode-languageserver-types-3.17.3.tgz",
      "integrity": "sha512-SYU4z1dL0PyIMd4Vj8YOqFvHu7Hz/enbWtpfnVbJHU4Nd1YNYx8u0ennumc6h48GQNeOLxmwySmnADouT/AuZA==",
      "dev": true
    },
    "node_modules/vscode-html-languageservice": {
      "version": "5.0.4",
      "resolved": "https://registry.npmjs.org/vscode-html-languageservice/-/vscode-html-languageservice-5.0.4.tgz",
      "integrity": "sha512-tvrySfpglu4B2rQgWGVO/IL+skvU7kBkQotRlxA7ocSyRXOZUd6GA13XHkxo8LPe07KWjeoBlN1aVGqdfTK4xA==",
      "dev": true,
      "dependencies": {
        "@vscode/l10n": "^0.0.11",
        "vscode-languageserver-textdocument": "^1.0.8",
        "vscode-languageserver-types": "^3.17.2",
        "vscode-uri": "^3.0.7"
      }
    },
    "node_modules/vscode-json-languageservice": {
      "version": "5.3.1",
      "resolved": "https://registry.npmjs.org/vscode-json-languageservice/-/vscode-json-languageservice-5.3.1.tgz",
      "integrity": "sha512-tPRf/2LOBS6uFflFLABdj8T3ol2/QgZ0kpzZHFCs+cbxpnjBNiCo+rfh3th0dtdytq5dSnWo5iFJj99zF6jZWQ==",
      "dev": true,
      "dependencies": {
        "@vscode/l10n": "^0.0.11",
        "jsonc-parser": "^3.2.0",
        "vscode-languageserver-textdocument": "^1.0.8",
        "vscode-languageserver-types": "^3.17.3",
        "vscode-uri": "^3.0.7"
      }
    },
    "node_modules/vscode-json-languageservice/node_modules/vscode-languageserver-types": {
      "version": "3.17.3",
      "resolved": "https://registry.npmjs.org/vscode-languageserver-types/-/vscode-languageserver-types-3.17.3.tgz",
      "integrity": "sha512-SYU4z1dL0PyIMd4Vj8YOqFvHu7Hz/enbWtpfnVbJHU4Nd1YNYx8u0ennumc6h48GQNeOLxmwySmnADouT/AuZA==",
      "dev": true
    },
    "node_modules/vscode-jsonrpc": {
      "version": "8.0.2",
      "resolved": "https://registry.npmjs.org/vscode-jsonrpc/-/vscode-jsonrpc-8.0.2.tgz",
      "integrity": "sha512-RY7HwI/ydoC1Wwg4gJ3y6LpU9FJRZAUnTYMXthqhFXXu77ErDd/xkREpGuk4MyYkk4a+XDWAMqe0S3KkelYQEQ==",
      "dev": true,
      "engines": {
        "node": ">=14.0.0"
      }
    },
    "node_modules/vscode-langservers-extracted": {
      "version": "4.6.0",
      "resolved": "https://registry.npmjs.org/vscode-langservers-extracted/-/vscode-langservers-extracted-4.6.0.tgz",
      "integrity": "sha512-PoDv5KANylqypzkUZTHTuBT8OZfFxhMwNCQ2vXIG1d3ZB6BrE+z6AZ6aJULxz6ZxhIYeCz4GQKFOHqfBlh7XGw==",
      "dev": true,
      "dependencies": {
        "@vscode/l10n": "^0.0.11",
        "core-js": "^3.20.1",
        "jsonc-parser": "^3.2.0",
        "regenerator-runtime": "^0.13.9",
        "request-light": "^0.7.0",
        "typescript": "^4.0.5",
        "vscode-css-languageservice": "^6.2.3",
        "vscode-html-languageservice": "^5.0.4",
        "vscode-json-languageservice": "^5.1.4",
        "vscode-languageserver": "^8.1.0-next.6",
        "vscode-languageserver-textdocument": "^1.0.9",
        "vscode-languageserver-types": "^3.17.2",
        "vscode-markdown-languageservice": "^0.3.0-alpha.3",
        "vscode-nls": "^5.2.0",
        "vscode-uri": "^3.0.7"
      },
      "bin": {
        "vscode-css-language-server": "bin/vscode-css-language-server",
        "vscode-eslint-language-server": "bin/vscode-eslint-language-server",
        "vscode-html-language-server": "bin/vscode-html-language-server",
        "vscode-json-language-server": "bin/vscode-json-language-server",
        "vscode-markdown-language-server": "bin/vscode-markdown-language-server"
      }
    },
    "node_modules/vscode-langservers-extracted/node_modules/vscode-jsonrpc": {
      "version": "8.1.0",
      "resolved": "https://registry.npmjs.org/vscode-jsonrpc/-/vscode-jsonrpc-8.1.0.tgz",
      "integrity": "sha512-6TDy/abTQk+zDGYazgbIPc+4JoXdwC8NHU9Pbn4UJP1fehUyZmM4RHp5IthX7A6L5KS30PRui+j+tbbMMMafdw==",
      "dev": true,
      "engines": {
        "node": ">=14.0.0"
      }
    },
    "node_modules/vscode-langservers-extracted/node_modules/vscode-languageserver": {
      "version": "8.1.0",
      "resolved": "https://registry.npmjs.org/vscode-languageserver/-/vscode-languageserver-8.1.0.tgz",
      "integrity": "sha512-eUt8f1z2N2IEUDBsKaNapkz7jl5QpskN2Y0G01T/ItMxBxw1fJwvtySGB9QMecatne8jFIWJGWI61dWjyTLQsw==",
      "dev": true,
      "dependencies": {
        "vscode-languageserver-protocol": "3.17.3"
      },
      "bin": {
        "installServerIntoExtension": "bin/installServerIntoExtension"
      }
    },
    "node_modules/vscode-langservers-extracted/node_modules/vscode-languageserver-protocol": {
      "version": "3.17.3",
      "resolved": "https://registry.npmjs.org/vscode-languageserver-protocol/-/vscode-languageserver-protocol-3.17.3.tgz",
      "integrity": "sha512-924/h0AqsMtA5yK22GgMtCYiMdCOtWTSGgUOkgEDX+wk2b0x4sAfLiO4NxBxqbiVtz7K7/1/RgVrVI0NClZwqA==",
      "dev": true,
      "dependencies": {
        "vscode-jsonrpc": "8.1.0",
        "vscode-languageserver-types": "3.17.3"
      }
    },
    "node_modules/vscode-langservers-extracted/node_modules/vscode-languageserver-textdocument": {
      "version": "1.0.9",
      "resolved": "https://registry.npmjs.org/vscode-languageserver-textdocument/-/vscode-languageserver-textdocument-1.0.9.tgz",
      "integrity": "sha512-NPfHVGFW2/fQEWHspr8x3PXhRgtFbuDZdl7p6ifuN3M7nk2Yjf5POr/NfDBuAiQG88DehDyJ7nGOT+p+edEtbw==",
      "dev": true
    },
    "node_modules/vscode-langservers-extracted/node_modules/vscode-languageserver-types": {
      "version": "3.17.3",
      "resolved": "https://registry.npmjs.org/vscode-languageserver-types/-/vscode-languageserver-types-3.17.3.tgz",
      "integrity": "sha512-SYU4z1dL0PyIMd4Vj8YOqFvHu7Hz/enbWtpfnVbJHU4Nd1YNYx8u0ennumc6h48GQNeOLxmwySmnADouT/AuZA==",
      "dev": true
    },
    "node_modules/vscode-languageserver": {
      "version": "8.0.2",
      "resolved": "https://registry.npmjs.org/vscode-languageserver/-/vscode-languageserver-8.0.2.tgz",
      "integrity": "sha512-bpEt2ggPxKzsAOZlXmCJ50bV7VrxwCS5BI4+egUmure/oI/t4OlFzi/YNtVvY24A2UDOZAgwFGgnZPwqSJubkA==",
      "dev": true,
      "dependencies": {
        "vscode-languageserver-protocol": "3.17.2"
      },
      "bin": {
        "installServerIntoExtension": "bin/installServerIntoExtension"
      }
    },
    "node_modules/vscode-languageserver-protocol": {
      "version": "3.17.2",
      "resolved": "https://registry.npmjs.org/vscode-languageserver-protocol/-/vscode-languageserver-protocol-3.17.2.tgz",
      "integrity": "sha512-8kYisQ3z/SQ2kyjlNeQxbkkTNmVFoQCqkmGrzLH6A9ecPlgTbp3wDTnUNqaUxYr4vlAcloxx8zwy7G5WdguYNg==",
      "dev": true,
      "dependencies": {
        "vscode-jsonrpc": "8.0.2",
        "vscode-languageserver-types": "3.17.2"
      }
    },
    "node_modules/vscode-languageserver-textdocument": {
      "version": "1.0.8",
      "resolved": "https://registry.npmjs.org/vscode-languageserver-textdocument/-/vscode-languageserver-textdocument-1.0.8.tgz",
      "integrity": "sha512-1bonkGqQs5/fxGT5UchTgjGVnfysL0O8v1AYMBjqTbWQTFn721zaPGDYFkOKtfDgFiSgXM3KwaG3FMGfW4Ed9Q==",
      "dev": true
    },
    "node_modules/vscode-languageserver-types": {
      "version": "3.17.2",
      "resolved": "https://registry.npmjs.org/vscode-languageserver-types/-/vscode-languageserver-types-3.17.2.tgz",
      "integrity": "sha512-zHhCWatviizPIq9B7Vh9uvrH6x3sK8itC84HkamnBWoDFJtzBf7SWlpLCZUit72b3os45h6RWQNC9xHRDF8dRA==",
      "dev": true
    },
    "node_modules/vscode-markdown-languageservice": {
      "version": "0.3.0-alpha.5",
      "resolved": "https://registry.npmjs.org/vscode-markdown-languageservice/-/vscode-markdown-languageservice-0.3.0-alpha.5.tgz",
      "integrity": "sha512-5SEn8hr999N/K8IaY25fdZoW7JPJT4pOm53AQvimGNYiCntb0TWJhMJD1Izbc2DvbyrWAksVkLqzbGKV/zW+Sg==",
      "dev": true,
      "dependencies": {
        "@vscode/l10n": "^0.0.10",
        "picomatch": "^2.3.1",
        "vscode-languageserver-textdocument": "^1.0.5",
        "vscode-languageserver-types": "^3.17.1",
        "vscode-uri": "^3.0.3"
      },
      "engines": {
        "node": "*"
      }
    },
    "node_modules/vscode-markdown-languageservice/node_modules/@vscode/l10n": {
      "version": "0.0.10",
      "resolved": "https://registry.npmjs.org/@vscode/l10n/-/l10n-0.0.10.tgz",
      "integrity": "sha512-E1OCmDcDWa0Ya7vtSjp/XfHFGqYJfh+YPC1RkATU71fTac+j1JjCcB3qwSzmlKAighx2WxhLlfhS0RwAN++PFQ==",
      "dev": true
    },
    "node_modules/vscode-nls": {
      "version": "5.2.0",
      "resolved": "https://registry.npmjs.org/vscode-nls/-/vscode-nls-5.2.0.tgz",
      "integrity": "sha512-RAaHx7B14ZU04EU31pT+rKz2/zSl7xMsfIZuo8pd+KZO6PXtQmpevpq3vxvWNcrGbdmhM/rr5Uw5Mz+NBfhVng==",
      "dev": true
    },
    "node_modules/vscode-uri": {
      "version": "3.0.7",
      "resolved": "https://registry.npmjs.org/vscode-uri/-/vscode-uri-3.0.7.tgz",
      "integrity": "sha512-eOpPHogvorZRobNqJGhapa0JdwaxpjVvyBp0QIUMRMSf8ZAlqOdEquKuRmw9Qwu0qXtJIWqFtMkmvJjUZmMjVA==",
      "dev": true
    },
    "node_modules/web-tree-sitter": {
      "version": "0.20.7",
      "resolved": "https://registry.npmjs.org/web-tree-sitter/-/web-tree-sitter-0.20.7.tgz",
      "integrity": "sha512-flC9JJmTII9uAeeYpWF8hxDJ7bfY+leldQryetll8Nv4WgI+MXc6h7TiyAZASWl9uC9TvmfdgOjZn1DAQecb3A==",
      "dev": true
    },
    "node_modules/webidl-conversions": {
      "version": "3.0.1",
      "resolved": "https://registry.npmjs.org/webidl-conversions/-/webidl-conversions-3.0.1.tgz",
      "integrity": "sha512-2JAn3z8AR6rjK8Sm8orRC0h/bcl/DqL7tRPdGZ4I1CjdF+EaMLmYxBHyXuKL849eucPFhvBoxMsflfOb8kxaeQ==",
      "dev": true
    },
    "node_modules/whatwg-url": {
      "version": "5.0.0",
      "resolved": "https://registry.npmjs.org/whatwg-url/-/whatwg-url-5.0.0.tgz",
      "integrity": "sha512-saE57nupxk6v3HY35+jzBwYa0rKSy0XR8JSxZPwgLr7ys0IBzhGviA1/TUGJLmSVqs8pb9AnvICXEuOHLprYTw==",
      "dev": true,
      "dependencies": {
        "tr46": "~0.0.3",
        "webidl-conversions": "^3.0.0"
      }
    },
    "node_modules/zod": {
      "version": "3.20.5",
      "resolved": "https://registry.npmjs.org/zod/-/zod-3.20.5.tgz",
      "integrity": "sha512-BTAAliwfoB9dWf2hC+TXlyWKk/YTqRGZjHQR0WLC2A2pzierWo7KuQ1ebjS4SNaFaxg/lDItzl9/QTgLjcHbgw==",
      "dev": true,
      "funding": {
        "url": "https://github.com/sponsors/colinhacks"
      }
    }
  },
  "dependencies": {
    "@nodelib/fs.scandir": {
      "version": "2.1.5",
      "resolved": "https://registry.npmjs.org/@nodelib/fs.scandir/-/fs.scandir-2.1.5.tgz",
      "integrity": "sha512-vq24Bq3ym5HEQm2NKCr3yXDwjc7vTsEThRDnkp2DK9p1uqLR+DHurm/NOTo0KG7HYHU7eppKZj3MyqYuMBf62g==",
      "dev": true,
      "requires": {
        "@nodelib/fs.stat": "2.0.5",
        "run-parallel": "^1.1.9"
      }
    },
    "@nodelib/fs.stat": {
      "version": "2.0.5",
      "resolved": "https://registry.npmjs.org/@nodelib/fs.stat/-/fs.stat-2.0.5.tgz",
      "integrity": "sha512-RkhPPp2zrqDAQA/2jNhnztcPAlv64XdhIp7a7454A5ovI7Bukxgt7MX7udwAu3zg1DcpPU0rz3VV1SeaqvY4+A==",
      "dev": true
    },
    "@nodelib/fs.walk": {
      "version": "1.2.8",
      "resolved": "https://registry.npmjs.org/@nodelib/fs.walk/-/fs.walk-1.2.8.tgz",
      "integrity": "sha512-oGB+UxlgWcgQkgwo8GcEGwemoTFt3FIO9ababBmaGwXIoBKZ+GTy0pP185beGg7Llih/NSHSV2XAs1lnznocSg==",
      "dev": true,
      "requires": {
        "@nodelib/fs.scandir": "2.1.5",
        "fastq": "^1.6.0"
      }
    },
    "@vscode/l10n": {
      "version": "0.0.11",
      "resolved": "https://registry.npmjs.org/@vscode/l10n/-/l10n-0.0.11.tgz",
      "integrity": "sha512-ukOMWnCg1tCvT7WnDfsUKQOFDQGsyR5tNgRpwmqi+5/vzU3ghdDXzvIM4IOPdSb3OeSsBNvmSL8nxIVOqi2WXA==",
      "dev": true
    },
    "bash-language-server": {
      "version": "4.7.0",
      "resolved": "https://registry.npmjs.org/bash-language-server/-/bash-language-server-4.7.0.tgz",
      "integrity": "sha512-JLe8bk0/FtOiGIdFWg/2JoAGJctYQyrYpmj24dhCSEAjIq9HHqr9I6L9k32fh9WkWjHcrh6v70Epiv6m+SxvDQ==",
      "dev": true,
      "requires": {
        "fast-glob": "3.2.12",
        "fuzzy-search": "3.2.1",
        "node-fetch": "2.6.9",
        "turndown": "7.1.1",
        "vscode-languageserver": "8.0.2",
        "vscode-languageserver-textdocument": "1.0.8",
        "web-tree-sitter": "0.20.7",
        "zod": "3.20.5"
      }
    },
    "braces": {
      "version": "3.0.2",
      "resolved": "https://registry.npmjs.org/braces/-/braces-3.0.2.tgz",
      "integrity": "sha512-b8um+L1RzM3WDSzvhm6gIz1yfTbBt6YTlcEKAvsmqCZZFw46z626lVj9j1yEPW33H5H+lBQpZMP1k8l+78Ha0A==",
      "dev": true,
      "requires": {
        "fill-range": "^7.0.1"
      }
    },
    "core-js": {
      "version": "3.29.0",
      "resolved": "https://registry.npmjs.org/core-js/-/core-js-3.29.0.tgz",
      "integrity": "sha512-VG23vuEisJNkGl6XQmFJd3rEG/so/CNatqeE+7uZAwTSwFeB/qaO0be8xZYUNWprJ/GIwL8aMt9cj1kvbpTZhg==",
      "dev": true
    },
    "domino": {
      "version": "2.1.6",
      "resolved": "https://registry.npmjs.org/domino/-/domino-2.1.6.tgz",
      "integrity": "sha512-3VdM/SXBZX2omc9JF9nOPCtDaYQ67BGp5CoLpIQlO2KCAPETs8TcDHacF26jXadGbvUteZzRTeos2fhID5+ucQ==",
      "dev": true
    },
    "fast-glob": {
      "version": "3.2.12",
      "resolved": "https://registry.npmjs.org/fast-glob/-/fast-glob-3.2.12.tgz",
      "integrity": "sha512-DVj4CQIYYow0BlaelwK1pHl5n5cRSJfM60UA0zK891sVInoPri2Ekj7+e1CT3/3qxXenpI+nBBmQAcJPJgaj4w==",
      "dev": true,
      "requires": {
        "@nodelib/fs.stat": "^2.0.2",
        "@nodelib/fs.walk": "^1.2.3",
        "glob-parent": "^5.1.2",
        "merge2": "^1.3.0",
        "micromatch": "^4.0.4"
      }
    },
    "fastq": {
      "version": "1.15.0",
      "resolved": "https://registry.npmjs.org/fastq/-/fastq-1.15.0.tgz",
      "integrity": "sha512-wBrocU2LCXXa+lWBt8RoIRD89Fi8OdABODa/kEnyeyjS5aZO5/GNvI5sEINADqP/h8M29UHTHUb53sUu5Ihqdw==",
      "dev": true,
      "requires": {
        "reusify": "^1.0.4"
      }
    },
    "fill-range": {
      "version": "7.0.1",
      "resolved": "https://registry.npmjs.org/fill-range/-/fill-range-7.0.1.tgz",
      "integrity": "sha512-qOo9F+dMUmC2Lcb4BbVvnKJxTPjCm+RRpe4gDuGrzkL7mEVl/djYSu2OdQ2Pa302N4oqkSg9ir6jaLWJ2USVpQ==",
      "dev": true,
      "requires": {
        "to-regex-range": "^5.0.1"
      }
    },
    "fuzzy-search": {
      "version": "3.2.1",
      "resolved": "https://registry.npmjs.org/fuzzy-search/-/fuzzy-search-3.2.1.tgz",
      "integrity": "sha512-vAcPiyomt1ioKAsAL2uxSABHJ4Ju/e4UeDM+g1OlR0vV4YhLGMNsdLNvZTpEDY4JCSt0E4hASCNM5t2ETtsbyg==",
      "dev": true
    },
    "glob-parent": {
      "version": "5.1.2",
      "resolved": "https://registry.npmjs.org/glob-parent/-/glob-parent-5.1.2.tgz",
      "integrity": "sha512-AOIgSQCepiJYwP3ARnGx+5VnTu2HBYdzbGP45eLw1vr3zB3vZLeyed1sC9hnbcOc9/SrMyM5RPQrkGz4aS9Zow==",
      "dev": true,
      "requires": {
        "is-glob": "^4.0.1"
      }
    },
    "is-extglob": {
      "version": "2.1.1",
      "resolved": "https://registry.npmjs.org/is-extglob/-/is-extglob-2.1.1.tgz",
      "integrity": "sha512-SbKbANkN603Vi4jEZv49LeVJMn4yGwsbzZworEoyEiutsN3nJYdbO36zfhGJ6QEDpOZIFkDtnq5JRxmvl3jsoQ==",
      "dev": true
    },
    "is-glob": {
      "version": "4.0.3",
      "resolved": "https://registry.npmjs.org/is-glob/-/is-glob-4.0.3.tgz",
      "integrity": "sha512-xelSayHH36ZgE7ZWhli7pW34hNbNl8Ojv5KVmkJD4hBdD3th8Tfk9vYasLM+mXWOZhFkgZfxhLSnrwRr4elSSg==",
      "dev": true,
      "requires": {
        "is-extglob": "^2.1.1"
      }
    },
    "is-number": {
      "version": "7.0.0",
      "resolved": "https://registry.npmjs.org/is-number/-/is-number-7.0.0.tgz",
      "integrity": "sha512-41Cifkg6e8TylSpdtTpeLVMqvSBEVzTttHvERD741+pnZ8ANv0004MRL43QKPDlK9cGvNp6NZWZUBlbGXYxxng==",
      "dev": true
    },
    "jsonc-parser": {
      "version": "3.2.0",
      "resolved": "https://registry.npmjs.org/jsonc-parser/-/jsonc-parser-3.2.0.tgz",
      "integrity": "sha512-gfFQZrcTc8CnKXp6Y4/CBT3fTc0OVuDofpre4aEeEpSBPV5X5v4+Vmx+8snU7RLPrNHPKSgLxGo9YuQzz20o+w==",
      "dev": true
    },
    "merge2": {
      "version": "1.4.1",
      "resolved": "https://registry.npmjs.org/merge2/-/merge2-1.4.1.tgz",
      "integrity": "sha512-8q7VEgMJW4J8tcfVPy8g09NcQwZdbwFEqhe/WZkoIzjn/3TGDwtOCYtXGxA3O8tPzpczCCDgv+P2P5y00ZJOOg==",
      "dev": true
    },
    "micromatch": {
      "version": "4.0.5",
      "resolved": "https://registry.npmjs.org/micromatch/-/micromatch-4.0.5.tgz",
      "integrity": "sha512-DMy+ERcEW2q8Z2Po+WNXuw3c5YaUSFjAO5GsJqfEl7UjvtIuFKO6ZrKvcItdy98dwFI2N1tg3zNIdKaQT+aNdA==",
      "dev": true,
      "requires": {
        "braces": "^3.0.2",
        "picomatch": "^2.3.1"
      }
    },
    "node-fetch": {
      "version": "2.6.9",
      "resolved": "https://registry.npmjs.org/node-fetch/-/node-fetch-2.6.9.tgz",
      "integrity": "sha512-DJm/CJkZkRjKKj4Zi4BsKVZh3ValV5IR5s7LVZnW+6YMh0W1BfNA8XSs6DLMGYlId5F3KnA70uu2qepcR08Qqg==",
      "dev": true,
      "requires": {
        "whatwg-url": "^5.0.0"
      }
    },
    "picomatch": {
      "version": "2.3.1",
      "resolved": "https://registry.npmjs.org/picomatch/-/picomatch-2.3.1.tgz",
      "integrity": "sha512-JU3teHTNjmE2VCGFzuY8EXzCDVwEqB2a8fsIvwaStHhAWJEeVd1o1QD80CU6+ZdEXXSLbSsuLwJjkCBWqRQUVA==",
      "dev": true
    },
    "pyright": {
      "version": "1.1.296",
      "resolved": "https://registry.npmjs.org/pyright/-/pyright-1.1.296.tgz",
      "integrity": "sha512-T04flbRRbbzp37X4fdb8FedoavLYAY2pk5x3jxadnBXYssJn0WQCVWeIFryWGDe6v+a3iOrxbMt2EawNKkNVHQ==",
      "dev": true
    },
    "queue-microtask": {
      "version": "1.2.3",
      "resolved": "https://registry.npmjs.org/queue-microtask/-/queue-microtask-1.2.3.tgz",
      "integrity": "sha512-NuaNSa6flKT5JaSYQzJok04JzTL1CA6aGhv5rfLW3PgqA+M2ChpZQnAC8h8i4ZFkBS8X5RqkDBHA7r4hej3K9A==",
      "dev": true
    },
    "regenerator-runtime": {
      "version": "0.13.11",
      "resolved": "https://registry.npmjs.org/regenerator-runtime/-/regenerator-runtime-0.13.11.tgz",
      "integrity": "sha512-kY1AZVr2Ra+t+piVaJ4gxaFaReZVH40AKNo7UCX6W+dEwBo/2oZJzqfuN1qLq1oL45o56cPaTXELwrTh8Fpggg==",
      "dev": true
    },
    "request-light": {
      "version": "0.7.0",
      "resolved": "https://registry.npmjs.org/request-light/-/request-light-0.7.0.tgz",
      "integrity": "sha512-lMbBMrDoxgsyO+yB3sDcrDuX85yYt7sS8BfQd11jtbW/z5ZWgLZRcEGLsLoYw7I0WSUGQBs8CC8ScIxkTX1+6Q==",
      "dev": true
    },
    "reusify": {
      "version": "1.0.4",
      "resolved": "https://registry.npmjs.org/reusify/-/reusify-1.0.4.tgz",
      "integrity": "sha512-U9nH88a3fc/ekCF1l0/UP1IosiuIjyTh7hBvXVMHYgVcfGvt897Xguj2UOLDeI5BG2m7/uwyaLVT6fbtCwTyzw==",
      "dev": true
    },
    "run-parallel": {
      "version": "1.2.0",
      "resolved": "https://registry.npmjs.org/run-parallel/-/run-parallel-1.2.0.tgz",
      "integrity": "sha512-5l4VyZR86LZ/lDxZTR6jqL8AFE2S0IFLMP26AbjsLVADxHdhB/c0GUsH+y39UfCi3dzz8OlQuPmnaJOMoDHQBA==",
      "dev": true,
      "requires": {
        "queue-microtask": "^1.2.2"
      }
    },
    "to-regex-range": {
      "version": "5.0.1",
      "resolved": "https://registry.npmjs.org/to-regex-range/-/to-regex-range-5.0.1.tgz",
      "integrity": "sha512-65P7iz6X5yEr1cwcgvQxbbIw7Uk3gOy5dIdtZ4rDveLqhrdJP+Li/Hx6tyK0NEb+2GCyneCMJiGqrADCSNk8sQ==",
      "dev": true,
      "requires": {
        "is-number": "^7.0.0"
      }
    },
    "tr46": {
      "version": "0.0.3",
      "resolved": "https://registry.npmjs.org/tr46/-/tr46-0.0.3.tgz",
      "integrity": "sha512-N3WMsuqV66lT30CrXNbEjx4GEwlow3v6rr4mCcv6prnfwhS01rkgyFdjPNBYd9br7LpXV1+Emh01fHnq2Gdgrw==",
      "dev": true
    },
    "turndown": {
      "version": "7.1.1",
      "resolved": "https://registry.npmjs.org/turndown/-/turndown-7.1.1.tgz",
      "integrity": "sha512-BEkXaWH7Wh7e9bd2QumhfAXk5g34+6QUmmWx+0q6ThaVOLuLUqsnkq35HQ5SBHSaxjSfSM7US5o4lhJNH7B9MA==",
      "dev": true,
      "requires": {
        "domino": "^2.1.6"
      }
    },
    "typescript": {
      "version": "4.9.5",
      "resolved": "https://registry.npmjs.org/typescript/-/typescript-4.9.5.tgz",
      "integrity": "sha512-1FXk9E2Hm+QzZQ7z+McJiHL4NW1F2EzMu9Nq9i3zAaGqibafqYwCVU6WyWAuyQRRzOlxou8xZSyXLEN8oKj24g==",
      "dev": true
    },
    "typescript-language-server": {
      "version": "3.3.0",
      "resolved": "https://registry.npmjs.org/typescript-language-server/-/typescript-language-server-3.3.0.tgz",
      "integrity": "sha512-dwHmsXWMqCFJ44XTzrmpq6yIjmprGlh3NUSc6zs1YU63ZFPEyn+K3+66misKrISJ4UfmBpugJmFUtQrik7PuvQ==",
      "dev": true
    },
    "vim-language-server": {
      "version": "2.3.0",
      "resolved": "https://registry.npmjs.org/vim-language-server/-/vim-language-server-2.3.0.tgz",
      "integrity": "sha512-8RdW7F4rQDR9FNZqgFRFFsoMdiI9YlszCCPeaU3pPkPJI4Hyx4pXCk6BGy7Fi0ACM7p4RID64dd064snCBZQrw==",
      "dev": true
    },
    "vscode-css-languageservice": {
      "version": "6.2.4",
      "resolved": "https://registry.npmjs.org/vscode-css-languageservice/-/vscode-css-languageservice-6.2.4.tgz",
      "integrity": "sha512-9UG0s3Ss8rbaaPZL1AkGzdjrGY8F+P+Ne9snsrvD9gxltDGhsn8C2dQpqQewHrMW37OvlqJoI8sUU2AWDb+qNw==",
      "dev": true,
      "requires": {
        "@vscode/l10n": "^0.0.11",
        "vscode-languageserver-textdocument": "^1.0.8",
        "vscode-languageserver-types": "^3.17.3",
        "vscode-uri": "^3.0.7"
      },
      "dependencies": {
        "vscode-languageserver-types": {
          "version": "3.17.3",
          "resolved": "https://registry.npmjs.org/vscode-languageserver-types/-/vscode-languageserver-types-3.17.3.tgz",
          "integrity": "sha512-SYU4z1dL0PyIMd4Vj8YOqFvHu7Hz/enbWtpfnVbJHU4Nd1YNYx8u0ennumc6h48GQNeOLxmwySmnADouT/AuZA==",
          "dev": true
        }
      }
    },
    "vscode-html-languageservice": {
      "version": "5.0.4",
      "resolved": "https://registry.npmjs.org/vscode-html-languageservice/-/vscode-html-languageservice-5.0.4.tgz",
      "integrity": "sha512-tvrySfpglu4B2rQgWGVO/IL+skvU7kBkQotRlxA7ocSyRXOZUd6GA13XHkxo8LPe07KWjeoBlN1aVGqdfTK4xA==",
      "dev": true,
      "requires": {
        "@vscode/l10n": "^0.0.11",
        "vscode-languageserver-textdocument": "^1.0.8",
        "vscode-languageserver-types": "^3.17.2",
        "vscode-uri": "^3.0.7"
      }
    },
    "vscode-json-languageservice": {
      "version": "5.3.1",
      "resolved": "https://registry.npmjs.org/vscode-json-languageservice/-/vscode-json-languageservice-5.3.1.tgz",
      "integrity": "sha512-tPRf/2LOBS6uFflFLABdj8T3ol2/QgZ0kpzZHFCs+cbxpnjBNiCo+rfh3th0dtdytq5dSnWo5iFJj99zF6jZWQ==",
      "dev": true,
      "requires": {
        "@vscode/l10n": "^0.0.11",
        "jsonc-parser": "^3.2.0",
        "vscode-languageserver-textdocument": "^1.0.8",
        "vscode-languageserver-types": "^3.17.3",
        "vscode-uri": "^3.0.7"
      },
      "dependencies": {
        "vscode-languageserver-types": {
          "version": "3.17.3",
          "resolved": "https://registry.npmjs.org/vscode-languageserver-types/-/vscode-languageserver-types-3.17.3.tgz",
          "integrity": "sha512-SYU4z1dL0PyIMd4Vj8YOqFvHu7Hz/enbWtpfnVbJHU4Nd1YNYx8u0ennumc6h48GQNeOLxmwySmnADouT/AuZA==",
          "dev": true
        }
      }
    },
    "vscode-jsonrpc": {
      "version": "8.0.2",
      "resolved": "https://registry.npmjs.org/vscode-jsonrpc/-/vscode-jsonrpc-8.0.2.tgz",
      "integrity": "sha512-RY7HwI/ydoC1Wwg4gJ3y6LpU9FJRZAUnTYMXthqhFXXu77ErDd/xkREpGuk4MyYkk4a+XDWAMqe0S3KkelYQEQ==",
      "dev": true
    },
    "vscode-langservers-extracted": {
      "version": "4.6.0",
      "resolved": "https://registry.npmjs.org/vscode-langservers-extracted/-/vscode-langservers-extracted-4.6.0.tgz",
      "integrity": "sha512-PoDv5KANylqypzkUZTHTuBT8OZfFxhMwNCQ2vXIG1d3ZB6BrE+z6AZ6aJULxz6ZxhIYeCz4GQKFOHqfBlh7XGw==",
      "dev": true,
      "requires": {
        "@vscode/l10n": "^0.0.11",
        "core-js": "^3.20.1",
        "jsonc-parser": "^3.2.0",
        "regenerator-runtime": "^0.13.9",
        "request-light": "^0.7.0",
        "typescript": "^4.0.5",
        "vscode-css-languageservice": "^6.2.3",
        "vscode-html-languageservice": "^5.0.4",
        "vscode-json-languageservice": "^5.1.4",
        "vscode-languageserver": "^8.1.0-next.6",
        "vscode-languageserver-textdocument": "^1.0.9",
        "vscode-languageserver-types": "^3.17.2",
        "vscode-markdown-languageservice": "^0.3.0-alpha.3",
        "vscode-nls": "^5.2.0",
        "vscode-uri": "^3.0.7"
      },
      "dependencies": {
        "vscode-jsonrpc": {
          "version": "8.1.0",
          "resolved": "https://registry.npmjs.org/vscode-jsonrpc/-/vscode-jsonrpc-8.1.0.tgz",
          "integrity": "sha512-6TDy/abTQk+zDGYazgbIPc+4JoXdwC8NHU9Pbn4UJP1fehUyZmM4RHp5IthX7A6L5KS30PRui+j+tbbMMMafdw==",
          "dev": true
        },
        "vscode-languageserver": {
          "version": "8.1.0",
          "resolved": "https://registry.npmjs.org/vscode-languageserver/-/vscode-languageserver-8.1.0.tgz",
          "integrity": "sha512-eUt8f1z2N2IEUDBsKaNapkz7jl5QpskN2Y0G01T/ItMxBxw1fJwvtySGB9QMecatne8jFIWJGWI61dWjyTLQsw==",
          "dev": true,
          "requires": {
            "vscode-languageserver-protocol": "3.17.3"
          }
        },
        "vscode-languageserver-protocol": {
          "version": "3.17.3",
          "resolved": "https://registry.npmjs.org/vscode-languageserver-protocol/-/vscode-languageserver-protocol-3.17.3.tgz",
          "integrity": "sha512-924/h0AqsMtA5yK22GgMtCYiMdCOtWTSGgUOkgEDX+wk2b0x4sAfLiO4NxBxqbiVtz7K7/1/RgVrVI0NClZwqA==",
          "dev": true,
          "requires": {
            "vscode-jsonrpc": "8.1.0",
            "vscode-languageserver-types": "3.17.3"
          }
        },
        "vscode-languageserver-textdocument": {
          "version": "1.0.9",
          "resolved": "https://registry.npmjs.org/vscode-languageserver-textdocument/-/vscode-languageserver-textdocument-1.0.9.tgz",
          "integrity": "sha512-NPfHVGFW2/fQEWHspr8x3PXhRgtFbuDZdl7p6ifuN3M7nk2Yjf5POr/NfDBuAiQG88DehDyJ7nGOT+p+edEtbw==",
          "dev": true
        },
        "vscode-languageserver-types": {
          "version": "3.17.3",
          "resolved": "https://registry.npmjs.org/vscode-languageserver-types/-/vscode-languageserver-types-3.17.3.tgz",
          "integrity": "sha512-SYU4z1dL0PyIMd4Vj8YOqFvHu7Hz/enbWtpfnVbJHU4Nd1YNYx8u0ennumc6h48GQNeOLxmwySmnADouT/AuZA==",
          "dev": true
        }
      }
    },
    "vscode-languageserver": {
      "version": "8.0.2",
      "resolved": "https://registry.npmjs.org/vscode-languageserver/-/vscode-languageserver-8.0.2.tgz",
      "integrity": "sha512-bpEt2ggPxKzsAOZlXmCJ50bV7VrxwCS5BI4+egUmure/oI/t4OlFzi/YNtVvY24A2UDOZAgwFGgnZPwqSJubkA==",
      "dev": true,
      "requires": {
        "vscode-languageserver-protocol": "3.17.2"
      }
    },
    "vscode-languageserver-protocol": {
      "version": "3.17.2",
      "resolved": "https://registry.npmjs.org/vscode-languageserver-protocol/-/vscode-languageserver-protocol-3.17.2.tgz",
      "integrity": "sha512-8kYisQ3z/SQ2kyjlNeQxbkkTNmVFoQCqkmGrzLH6A9ecPlgTbp3wDTnUNqaUxYr4vlAcloxx8zwy7G5WdguYNg==",
      "dev": true,
      "requires": {
        "vscode-jsonrpc": "8.0.2",
        "vscode-languageserver-types": "3.17.2"
      }
    },
    "vscode-languageserver-textdocument": {
      "version": "1.0.8",
      "resolved": "https://registry.npmjs.org/vscode-languageserver-textdocument/-/vscode-languageserver-textdocument-1.0.8.tgz",
      "integrity": "sha512-1bonkGqQs5/fxGT5UchTgjGVnfysL0O8v1AYMBjqTbWQTFn721zaPGDYFkOKtfDgFiSgXM3KwaG3FMGfW4Ed9Q==",
      "dev": true
    },
    "vscode-languageserver-types": {
      "version": "3.17.2",
      "resolved": "https://registry.npmjs.org/vscode-languageserver-types/-/vscode-languageserver-types-3.17.2.tgz",
      "integrity": "sha512-zHhCWatviizPIq9B7Vh9uvrH6x3sK8itC84HkamnBWoDFJtzBf7SWlpLCZUit72b3os45h6RWQNC9xHRDF8dRA==",
      "dev": true
    },
    "vscode-markdown-languageservice": {
      "version": "0.3.0-alpha.5",
      "resolved": "https://registry.npmjs.org/vscode-markdown-languageservice/-/vscode-markdown-languageservice-0.3.0-alpha.5.tgz",
      "integrity": "sha512-5SEn8hr999N/K8IaY25fdZoW7JPJT4pOm53AQvimGNYiCntb0TWJhMJD1Izbc2DvbyrWAksVkLqzbGKV/zW+Sg==",
      "dev": true,
      "requires": {
        "@vscode/l10n": "^0.0.10",
        "picomatch": "^2.3.1",
        "vscode-languageserver-textdocument": "^1.0.5",
        "vscode-languageserver-types": "^3.17.1",
        "vscode-uri": "^3.0.3"
      },
      "dependencies": {
        "@vscode/l10n": {
          "version": "0.0.10",
          "resolved": "https://registry.npmjs.org/@vscode/l10n/-/l10n-0.0.10.tgz",
          "integrity": "sha512-E1OCmDcDWa0Ya7vtSjp/XfHFGqYJfh+YPC1RkATU71fTac+j1JjCcB3qwSzmlKAighx2WxhLlfhS0RwAN++PFQ==",
          "dev": true
        }
      }
    },
    "vscode-nls": {
      "version": "5.2.0",
      "resolved": "https://registry.npmjs.org/vscode-nls/-/vscode-nls-5.2.0.tgz",
      "integrity": "sha512-RAaHx7B14ZU04EU31pT+rKz2/zSl7xMsfIZuo8pd+KZO6PXtQmpevpq3vxvWNcrGbdmhM/rr5Uw5Mz+NBfhVng==",
      "dev": true
    },
    "vscode-uri": {
      "version": "3.0.7",
      "resolved": "https://registry.npmjs.org/vscode-uri/-/vscode-uri-3.0.7.tgz",
      "integrity": "sha512-eOpPHogvorZRobNqJGhapa0JdwaxpjVvyBp0QIUMRMSf8ZAlqOdEquKuRmw9Qwu0qXtJIWqFtMkmvJjUZmMjVA==",
      "dev": true
    },
    "web-tree-sitter": {
      "version": "0.20.7",
      "resolved": "https://registry.npmjs.org/web-tree-sitter/-/web-tree-sitter-0.20.7.tgz",
      "integrity": "sha512-flC9JJmTII9uAeeYpWF8hxDJ7bfY+leldQryetll8Nv4WgI+MXc6h7TiyAZASWl9uC9TvmfdgOjZn1DAQecb3A==",
      "dev": true
    },
    "webidl-conversions": {
      "version": "3.0.1",
      "resolved": "https://registry.npmjs.org/webidl-conversions/-/webidl-conversions-3.0.1.tgz",
      "integrity": "sha512-2JAn3z8AR6rjK8Sm8orRC0h/bcl/DqL7tRPdGZ4I1CjdF+EaMLmYxBHyXuKL849eucPFhvBoxMsflfOb8kxaeQ==",
      "dev": true
    },
    "whatwg-url": {
      "version": "5.0.0",
      "resolved": "https://registry.npmjs.org/whatwg-url/-/whatwg-url-5.0.0.tgz",
      "integrity": "sha512-saE57nupxk6v3HY35+jzBwYa0rKSy0XR8JSxZPwgLr7ys0IBzhGviA1/TUGJLmSVqs8pb9AnvICXEuOHLprYTw==",
      "dev": true,
      "requires": {
        "tr46": "~0.0.3",
        "webidl-conversions": "^3.0.0"
      }
    },
    "zod": {
      "version": "3.20.5",
      "resolved": "https://registry.npmjs.org/zod/-/zod-3.20.5.tgz",
      "integrity": "sha512-BTAAliwfoB9dWf2hC+TXlyWKk/YTqRGZjHQR0WLC2A2pzierWo7KuQ1ebjS4SNaFaxg/lDItzl9/QTgLjcHbgw==",
      "dev": true
    }
  }
}
